# THIS IS AN AUTOGENERATED FILE. DO NOT EDIT THIS FILE DIRECTLY.
# yarn lockfile v1


"@fortawesome/fontawesome-free@^5.4.1":
  version "5.4.1"
  resolved "https://registry.yarnpkg.com/@fortawesome/fontawesome-free/-/fontawesome-free-5.4.1.tgz#6194786c1a705ab84253e06429834466670e3c3f"
  integrity sha512-ZcxfUmLFl4RLG71cPeZcTXRa6rt3xLnMmomAb7aYKRzUmlRRj7E8EVqSwYSXBiV2x6XpSQmGOQmNQx6HSeSwVQ==

jquery@>=1.12.0:
  version "3.5.0"
  resolved "https://registry.yarnpkg.com/jquery/-/jquery-3.5.0.tgz#9980b97d9e4194611c36530e7dc46a58d7340fc9"
  integrity sha512-Xb7SVYMvygPxbFMpTFQiHh1J7HClEaThguL15N/Gg37Lri/qKyhRGZYzHRyLH8Stq3Aow0LsHO2O2ci86fCrNQ==

toastr@^2.1.4:
  version "2.1.4"
  resolved "https://registry.yarnpkg.com/toastr/-/toastr-2.1.4.tgz#8b43be64fb9d0c414871446f2db8e8ca4e95f181"
  integrity sha1-i0O+ZPudDEFIcURvLbjoyk6V8YE=
  dependencies:
    jquery ">=1.12.0"
